// !$*UTF8*$!
{
	archiveVersion = 1;
	classes = {
	};
	objectVersion = 46;
	objects = {

/* Begin PBXBuildFile section */
		B779B6931BCF18EA00242E88 /* AppDelegate.swift in Sources */ = {isa = PBXBuildFile; fileRef = B779B6921BCF18EA00242E88 /* AppDelegate.swift */; };
		B779B6951BCF18EA00242E88 /* ViewController.swift in Sources */ = {isa = PBXBuildFile; fileRef = B779B6941BCF18EA00242E88 /* ViewController.swift */; };
		B779B6981BCF18EA00242E88 /* Main.storyboard in Resources */ = {isa = PBXBuildFile; fileRef = B779B6961BCF18EA00242E88 /* Main.storyboard */; };
		B779B69B1BCF18EA00242E88 /* BlankParseProject.xcdatamodeld in Sources */ = {isa = PBXBuildFile; fileRef = B779B6991BCF18EA00242E88 /* BlankParseProject.xcdatamodeld */; };
		B779B69D1BCF18EA00242E88 /* Assets.xcassets in Resources */ = {isa = PBXBuildFile; fileRef = B779B69C1BCF18EA00242E88 /* Assets.xcassets */; };
		B779B6A01BCF18EA00242E88 /* LaunchScreen.storyboard in Resources */ = {isa = PBXBuildFile; fileRef = B779B69E1BCF18EA00242E88 /* LaunchScreen.storyboard */; };
		B779B6AB1BCF18EA00242E88 /* BlankParseProjectTests.swift in Sources */ = {isa = PBXBuildFile; fileRef = B779B6AA1BCF18EA00242E88 /* BlankParseProjectTests.swift */; };
		B779B6B61BCF18EA00242E88 /* BlankParseProjectUITests.swift in Sources */ = {isa = PBXBuildFile; fileRef = B779B6B51BCF18EA00242E88 /* BlankParseProjectUITests.swift */; };
		B779B6C61BCF196F00242E88 /* Bolts.framework in Frameworks */ = {isa = PBXBuildFile; fileRef = B779B6C41BCF196F00242E88 /* Bolts.framework */; settings = {ASSET_TAGS = (); }; };
		B779B6C71BCF196F00242E88 /* Bolts.framework in Frameworks */ = {isa = PBXBuildFile; fileRef = B779B6C41BCF196F00242E88 /* Bolts.framework */; settings = {ASSET_TAGS = (); }; };
		B779B6C81BCF196F00242E88 /* Bolts.framework in Frameworks */ = {isa = PBXBuildFile; fileRef = B779B6C41BCF196F00242E88 /* Bolts.framework */; settings = {ASSET_TAGS = (); }; };
		B779B6C91BCF196F00242E88 /* Parse.framework in Frameworks */ = {isa = PBXBuildFile; fileRef = B779B6C51BCF196F00242E88 /* Parse.framework */; settings = {ASSET_TAGS = (); }; };
		B779B6CA1BCF196F00242E88 /* Parse.framework in Frameworks */ = {isa = PBXBuildFile; fileRef = B779B6C51BCF196F00242E88 /* Parse.framework */; settings = {ASSET_TAGS = (); }; };
		B779B6CB1BCF196F00242E88 /* Parse.framework in Frameworks */ = {isa = PBXBuildFile; fileRef = B779B6C51BCF196F00242E88 /* Parse.framework */; settings = {ASSET_TAGS = (); }; };
		B779B6CE1BCF19A800242E88 /* AudioToolbox.framework in Frameworks */ = {isa = PBXBuildFile; fileRef = B779B6CD1BCF19A800242E88 /* AudioToolbox.framework */; };
		B779B6D01BCF19B100242E88 /* CFNetwork.framework in Frameworks */ = {isa = PBXBuildFile; fileRef = B779B6CF1BCF19B100242E88 /* CFNetwork.framework */; };
		B779B6D21BCF19B700242E88 /* CoreGraphics.framework in Frameworks */ = {isa = PBXBuildFile; fileRef = B779B6D11BCF19B700242E88 /* CoreGraphics.framework */; };
		B779B6D41BCF19BE00242E88 /* CoreLocation.framework in Frameworks */ = {isa = PBXBuildFile; fileRef = B779B6D31BCF19BE00242E88 /* CoreLocation.framework */; };
		B779B6D61BCF19C400242E88 /* QuartzCore.framework in Frameworks */ = {isa = PBXBuildFile; fileRef = B779B6D51BCF19C400242E88 /* QuartzCore.framework */; };
		B779B6D81BCF19CA00242E88 /* Security.framework in Frameworks */ = {isa = PBXBuildFile; fileRef = B779B6D71BCF19CA00242E88 /* Security.framework */; };
		B779B6DA1BCF19D000242E88 /* StoreKit.framework in Frameworks */ = {isa = PBXBuildFile; fileRef = B779B6D91BCF19D000242E88 /* StoreKit.framework */; };
		B779B6DC1BCF19D600242E88 /* SystemConfiguration.framework in Frameworks */ = {isa = PBXBuildFile; fileRef = B779B6DB1BCF19D600242E88 /* SystemConfiguration.framework */; };
		B779B6DE1BCF19E100242E88 /* libz.tbd in Frameworks */ = {isa = PBXBuildFile; fileRef = B779B6DD1BCF19E100242E88 /* libz.tbd */; };
		B779B6E01BCF19E900242E88 /* libsqlite3.tbd in Frameworks */ = {isa = PBXBuildFile; fileRef = B779B6DF1BCF19E900242E88 /* libsqlite3.tbd */; };
/* End PBXBuildFile section */

/* Begin PBXContainerItemProxy section */
		B779B6A71BCF18EA00242E88 /* PBXContainerItemProxy */ = {
			isa = PBXContainerItemProxy;
			containerPortal = B779B6871BCF18EA00242E88 /* Project object */;
			proxyType = 1;
			remoteGlobalIDString = B779B68E1BCF18EA00242E88;
			remoteInfo = BlankParseProject;
		};
		B779B6B21BCF18EA00242E88 /* PBXContainerItemProxy */ = {
			isa = PBXContainerItemProxy;
			containerPortal = B779B6871BCF18EA00242E88 /* Project object */;
			proxyType = 1;
			remoteGlobalIDString = B779B68E1BCF18EA00242E88;
			remoteInfo = BlankParseProject;
		};
/* End PBXContainerItemProxy section */

/* Begin PBXFileReference section */
		B779B68F1BCF18EA00242E88 /* BlankParseProject.app */ = {isa = PBXFileReference; explicitFileType = wrapper.application; includeInIndex = 0; path = BlankParseProject.app; sourceTree = BUILT_PRODUCTS_DIR; };
		B779B6921BCF18EA00242E88 /* AppDelegate.swift */ = {isa = PBXFileReference; lastKnownFileType = sourcecode.swift; path = AppDelegate.swift; sourceTree = "<group>"; };
		B779B6941BCF18EA00242E88 /* ViewController.swift */ = {isa = PBXFileReference; lastKnownFileType = sourcecode.swift; path = ViewController.swift; sourceTree = "<group>"; };
		B779B6971BCF18EA00242E88 /* Base */ = {isa = PBXFileReference; lastKnownFileType = file.storyboard; name = Base; path = Base.lproj/Main.storyboard; sourceTree = "<group>"; };
		B779B69A1BCF18EA00242E88 /* BlankParseProject.xcdatamodel */ = {isa = PBXFileReference; lastKnownFileType = wrapper.xcdatamodel; path = BlankParseProject.xcdatamodel; sourceTree = "<group>"; };
		B779B69C1BCF18EA00242E88 /* Assets.xcassets */ = {isa = PBXFileReference; lastKnownFileType = folder.assetcatalog; path = Assets.xcassets; sourceTree = "<group>"; };
		B779B69F1BCF18EA00242E88 /* Base */ = {isa = PBXFileReference; lastKnownFileType = file.storyboard; name = Base; path = Base.lproj/LaunchScreen.storyboard; sourceTree = "<group>"; };
		B779B6A11BCF18EA00242E88 /* Info.plist */ = {isa = PBXFileReference; lastKnownFileType = text.plist.xml; path = Info.plist; sourceTree = "<group>"; };
		B779B6A61BCF18EA00242E88 /* BlankParseProjectTests.xctest */ = {isa = PBXFileReference; explicitFileType = wrapper.cfbundle; includeInIndex = 0; path = BlankParseProjectTests.xctest; sourceTree = BUILT_PRODUCTS_DIR; };
		B779B6AA1BCF18EA00242E88 /* BlankParseProjectTests.swift */ = {isa = PBXFileReference; lastKnownFileType = sourcecode.swift; path = BlankParseProjectTests.swift; sourceTree = "<group>"; };
		B779B6AC1BCF18EA00242E88 /* Info.plist */ = {isa = PBXFileReference; lastKnownFileType = text.plist.xml; path = Info.plist; sourceTree = "<group>"; };
		B779B6B11BCF18EA00242E88 /* BlankParseProjectUITests.xctest */ = {isa = PBXFileReference; explicitFileType = wrapper.cfbundle; includeInIndex = 0; path = BlankParseProjectUITests.xctest; sourceTree = BUILT_PRODUCTS_DIR; };
		B779B6B51BCF18EA00242E88 /* BlankParseProjectUITests.swift */ = {isa = PBXFileReference; lastKnownFileType = sourcecode.swift; path = BlankParseProjectUITests.swift; sourceTree = "<group>"; };
		B779B6B71BCF18EA00242E88 /* Info.plist */ = {isa = PBXFileReference; lastKnownFileType = text.plist.xml; path = Info.plist; sourceTree = "<group>"; };
		B779B6C41BCF196F00242E88 /* Bolts.framework */ = {isa = PBXFileReference; lastKnownFileType = wrapper.framework; path = Bolts.framework; sourceTree = "<group>"; };
		B779B6C51BCF196F00242E88 /* Parse.framework */ = {isa = PBXFileReference; lastKnownFileType = wrapper.framework; path = Parse.framework; sourceTree = "<group>"; };
		B779B6CD1BCF19A800242E88 /* AudioToolbox.framework */ = {isa = PBXFileReference; lastKnownFileType = wrapper.framework; name = AudioToolbox.framework; path = System/Library/Frameworks/AudioToolbox.framework; sourceTree = SDKROOT; };
		B779B6CF1BCF19B100242E88 /* CFNetwork.framework */ = {isa = PBXFileReference; lastKnownFileType = wrapper.framework; name = CFNetwork.framework; path = System/Library/Frameworks/CFNetwork.framework; sourceTree = SDKROOT; };
		B779B6D11BCF19B700242E88 /* CoreGraphics.framework */ = {isa = PBXFileReference; lastKnownFileType = wrapper.framework; name = CoreGraphics.framework; path = System/Library/Frameworks/CoreGraphics.framework; sourceTree = SDKROOT; };
		B779B6D31BCF19BE00242E88 /* CoreLocation.framework */ = {isa = PBXFileReference; lastKnownFileType = wrapper.framework; name = CoreLocation.framework; path = System/Library/Frameworks/CoreLocation.framework; sourceTree = SDKROOT; };
		B779B6D51BCF19C400242E88 /* QuartzCore.framework */ = {isa = PBXFileReference; lastKnownFileType = wrapper.framework; name = QuartzCore.framework; path = System/Library/Frameworks/QuartzCore.framework; sourceTree = SDKROOT; };
		B779B6D71BCF19CA00242E88 /* Security.framework */ = {isa = PBXFileReference; lastKnownFileType = wrapper.framework; name = Security.framework; path = System/Library/Frameworks/Security.framework; sourceTree = SDKROOT; };
		B779B6D91BCF19D000242E88 /* StoreKit.framework */ = {isa = PBXFileReference; lastKnownFileType = wrapper.framework; name = StoreKit.framework; path = System/Library/Frameworks/StoreKit.framework; sourceTree = SDKROOT; };
		B779B6DB1BCF19D600242E88 /* SystemConfiguration.framework */ = {isa = PBXFileReference; lastKnownFileType = wrapper.framework; name = SystemConfiguration.framework; path = System/Library/Frameworks/SystemConfiguration.framework; sourceTree = SDKROOT; };
		B779B6DD1BCF19E100242E88 /* libz.tbd */ = {isa = PBXFileReference; lastKnownFileType = "sourcecode.text-based-dylib-definition"; name = libz.tbd; path = usr/lib/libz.tbd; sourceTree = SDKROOT; };
		B779B6DF1BCF19E900242E88 /* libsqlite3.tbd */ = {isa = PBXFileReference; lastKnownFileType = "sourcecode.text-based-dylib-definition"; name = libsqlite3.tbd; path = usr/lib/libsqlite3.tbd; sourceTree = SDKROOT; };
/* End PBXFileReference section */

/* Begin PBXFrameworksBuildPhase section */
		B779B68C1BCF18EA00242E88 /* Frameworks */ = {
			isa = PBXFrameworksBuildPhase;
			buildActionMask = 2147483647;
			files = (
				B779B6E01BCF19E900242E88 /* libsqlite3.tbd in Frameworks */,
				B779B6DE1BCF19E100242E88 /* libz.tbd in Frameworks */,
				B779B6DC1BCF19D600242E88 /* SystemConfiguration.framework in Frameworks */,
				B779B6DA1BCF19D000242E88 /* StoreKit.framework in Frameworks */,
				B779B6D81BCF19CA00242E88 /* Security.framework in Frameworks */,
				B779B6D61BCF19C400242E88 /* QuartzCore.framework in Frameworks */,
				B779B6D41BCF19BE00242E88 /* CoreLocation.framework in Frameworks */,
				B779B6D21BCF19B700242E88 /* CoreGraphics.framework in Frameworks */,
				B779B6D01BCF19B100242E88 /* CFNetwork.framework in Frameworks */,
				B779B6CE1BCF19A800242E88 /* AudioToolbox.framework in Frameworks */,
				B779B6C91BCF196F00242E88 /* Parse.framework in Frameworks */,
				B779B6C61BCF196F00242E88 /* Bolts.framework in Frameworks */,
			);
			runOnlyForDeploymentPostprocessing = 0;
		};
		B779B6A31BCF18EA00242E88 /* Frameworks */ = {
			isa = PBXFrameworksBuildPhase;
			buildActionMask = 2147483647;
			files = (
				B779B6CA1BCF196F00242E88 /* Parse.framework in Frameworks */,
				B779B6C71BCF196F00242E88 /* Bolts.framework in Frameworks */,
			);
			runOnlyForDeploymentPostprocessing = 0;
		};
		B779B6AE1BCF18EA00242E88 /* Frameworks */ = {
			isa = PBXFrameworksBuildPhase;
			buildActionMask = 2147483647;
			files = (
				B779B6CB1BCF196F00242E88 /* Parse.framework in Frameworks */,
				B779B6C81BCF196F00242E88 /* Bolts.framework in Frameworks */,
			);
			runOnlyForDeploymentPostprocessing = 0;
		};
/* End PBXFrameworksBuildPhase section */

/* Begin PBXGroup section */
		B779B6861BCF18EA00242E88 = {
			isa = PBXGroup;
			children = (
				B779B6911BCF18EA00242E88 /* BlankParseProject */,
				B779B6C31BCF18FB00242E88 /* SupportingFiles */,
				B779B6A91BCF18EA00242E88 /* BlankParseProjectTests */,
				B779B6B41BCF18EA00242E88 /* BlankParseProjectUITests */,
				B779B6901BCF18EA00242E88 /* Products */,
				B779B6CC1BCF197700242E88 /* Frameworks */,
			);
			sourceTree = "<group>";
		};
		B779B6901BCF18EA00242E88 /* Products */ = {
			isa = PBXGroup;
			children = (
				B779B68F1BCF18EA00242E88 /* BlankParseProject.app */,
				B779B6A61BCF18EA00242E88 /* BlankParseProjectTests.xctest */,
				B779B6B11BCF18EA00242E88 /* BlankParseProjectUITests.xctest */,
			);
			name = Products;
			sourceTree = "<group>";
		};
		B779B6911BCF18EA00242E88 /* BlankParseProject */ = {
			isa = PBXGroup;
			children = (
				B779B6E11BCF1B7D00242E88 /* Models */,
				B779B6E21BCF1B8300242E88 /* Views */,
				B779B6E31BCF1B8900242E88 /* Controllers */,
				B779B6E41BCF1B8F00242E88 /* Constants */,
				B779B6E51BCF1B9500242E88 /* Utils */,
			);
			path = BlankParseProject;
			sourceTree = "<group>";
		};
		B779B6A91BCF18EA00242E88 /* BlankParseProjectTests */ = {
			isa = PBXGroup;
			children = (
				B779B6AA1BCF18EA00242E88 /* BlankParseProjectTests.swift */,
				B779B6AC1BCF18EA00242E88 /* Info.plist */,
			);
			path = BlankParseProjectTests;
			sourceTree = "<group>";
		};
		B779B6B41BCF18EA00242E88 /* BlankParseProjectUITests */ = {
			isa = PBXGroup;
			children = (
				B779B6B51BCF18EA00242E88 /* BlankParseProjectUITests.swift */,
				B779B6B71BCF18EA00242E88 /* Info.plist */,
			);
			path = BlankParseProjectUITests;
			sourceTree = "<group>";
		};
		B779B6C31BCF18FB00242E88 /* SupportingFiles */ = {
			isa = PBXGroup;
			children = (
				B779B6921BCF18EA00242E88 /* AppDelegate.swift */,
				B779B69C1BCF18EA00242E88 /* Assets.xcassets */,
				B779B6991BCF18EA00242E88 /* BlankParseProject.xcdatamodeld */,
				B779B6A11BCF18EA00242E88 /* Info.plist */,
				B779B69E1BCF18EA00242E88 /* LaunchScreen.storyboard */,
				B779B6961BCF18EA00242E88 /* Main.storyboard */,
			);
			name = SupportingFiles;
			path = BlankParseProject;
			sourceTree = "<group>";
		};
		B779B6CC1BCF197700242E88 /* Frameworks */ = {
			isa = PBXGroup;
			children = (
				B779B6DF1BCF19E900242E88 /* libsqlite3.tbd */,
				B779B6DD1BCF19E100242E88 /* libz.tbd */,
				B779B6DB1BCF19D600242E88 /* SystemConfiguration.framework */,
				B779B6D91BCF19D000242E88 /* StoreKit.framework */,
				B779B6D71BCF19CA00242E88 /* Security.framework */,
				B779B6D51BCF19C400242E88 /* QuartzCore.framework */,
				B779B6D31BCF19BE00242E88 /* CoreLocation.framework */,
				B779B6D11BCF19B700242E88 /* CoreGraphics.framework */,
				B779B6CF1BCF19B100242E88 /* CFNetwork.framework */,
				B779B6CD1BCF19A800242E88 /* AudioToolbox.framework */,
				B779B6C41BCF196F00242E88 /* Bolts.framework */,
				B779B6C51BCF196F00242E88 /* Parse.framework */,
			);
			name = Frameworks;
			path = BlankParseProject;
			sourceTree = "<group>";
		};
		B779B6E11BCF1B7D00242E88 /* Models */ = {
			isa = PBXGroup;
			children = (
			);
			name = Models;
			sourceTree = "<group>";
		};
		B779B6E21BCF1B8300242E88 /* Views */ = {
			isa = PBXGroup;
			children = (
			);
			name = Views;
			sourceTree = "<group>";
		};
		B779B6E31BCF1B8900242E88 /* Controllers */ = {
			isa = PBXGroup;
			children = (
				B779B6941BCF18EA00242E88 /* ViewController.swift */,
			);
			name = Controllers;
			sourceTree = "<group>";
		};
		B779B6E41BCF1B8F00242E88 /* Constants */ = {
			isa = PBXGroup;
			children = (
			);
			name = Constants;
			sourceTree = "<group>";
		};
		B779B6E51BCF1B9500242E88 /* Utils */ = {
			isa = PBXGroup;
			children = (
			);
			name = Utils;
			sourceTree = "<group>";
		};
/* End PBXGroup section */

/* Begin PBXNativeTarget section */
		B779B68E1BCF18EA00242E88 /* BlankParseProject */ = {
			isa = PBXNativeTarget;
			buildConfigurationList = B779B6BA1BCF18EA00242E88 /* Build configuration list for PBXNativeTarget "BlankParseProject" */;
			buildPhases = (
				B779B68B1BCF18EA00242E88 /* Sources */,
				B779B68C1BCF18EA00242E88 /* Frameworks */,
				B779B68D1BCF18EA00242E88 /* Resources */,
			);
			buildRules = (
			);
			dependencies = (
			);
			name = BlankParseProject;
			productName = BlankParseProject;
			productReference = B779B68F1BCF18EA00242E88 /* BlankParseProject.app */;
			productType = "com.apple.product-type.application";
		};
		B779B6A51BCF18EA00242E88 /* BlankParseProjectTests */ = {
			isa = PBXNativeTarget;
			buildConfigurationList = B779B6BD1BCF18EA00242E88 /* Build configuration list for PBXNativeTarget "BlankParseProjectTests" */;
			buildPhases = (
				B779B6A21BCF18EA00242E88 /* Sources */,
				B779B6A31BCF18EA00242E88 /* Frameworks */,
				B779B6A41BCF18EA00242E88 /* Resources */,
			);
			buildRules = (
			);
			dependencies = (
				B779B6A81BCF18EA00242E88 /* PBXTargetDependency */,
			);
			name = BlankParseProjectTests;
			productName = BlankParseProjectTests;
			productReference = B779B6A61BCF18EA00242E88 /* BlankParseProjectTests.xctest */;
			productType = "com.apple.product-type.bundle.unit-test";
		};
		B779B6B01BCF18EA00242E88 /* BlankParseProjectUITests */ = {
			isa = PBXNativeTarget;
			buildConfigurationList = B779B6C01BCF18EA00242E88 /* Build configuration list for PBXNativeTarget "BlankParseProjectUITests" */;
			buildPhases = (
				B779B6AD1BCF18EA00242E88 /* Sources */,
				B779B6AE1BCF18EA00242E88 /* Frameworks */,
				B779B6AF1BCF18EA00242E88 /* Resources */,
			);
			buildRules = (
			);
			dependencies = (
				B779B6B31BCF18EA00242E88 /* PBXTargetDependency */,
			);
			name = BlankParseProjectUITests;
			productName = BlankParseProjectUITests;
			productReference = B779B6B11BCF18EA00242E88 /* BlankParseProjectUITests.xctest */;
			productType = "com.apple.product-type.bundle.ui-testing";
		};
/* End PBXNativeTarget section */

/* Begin PBXProject section */
		B779B6871BCF18EA00242E88 /* Project object */ = {
			isa = PBXProject;
			attributes = {
				LastUpgradeCheck = 0700;
				ORGANIZATIONNAME = iosjjj;
				TargetAttributes = {
					B779B68E1BCF18EA00242E88 = {
						CreatedOnToolsVersion = 7.0.1;
					};
					B779B6A51BCF18EA00242E88 = {
						CreatedOnToolsVersion = 7.0.1;
						TestTargetID = B779B68E1BCF18EA00242E88;
					};
					B779B6B01BCF18EA00242E88 = {
						CreatedOnToolsVersion = 7.0.1;
						TestTargetID = B779B68E1BCF18EA00242E88;
					};
				};
			};
			buildConfigurationList = B779B68A1BCF18EA00242E88 /* Build configuration list for PBXProject "BlankParseProject" */;
			compatibilityVersion = "Xcode 3.2";
			developmentRegion = English;
			hasScannedForEncodings = 0;
			knownRegions = (
				en,
				Base,
			);
			mainGroup = B779B6861BCF18EA00242E88;
			productRefGroup = B779B6901BCF18EA00242E88 /* Products */;
			projectDirPath = "";
			projectRoot = "";
			targets = (
				B779B68E1BCF18EA00242E88 /* BlankParseProject */,
				B779B6A51BCF18EA00242E88 /* BlankParseProjectTests */,
				B779B6B01BCF18EA00242E88 /* BlankParseProjectUITests */,
			);
		};
/* End PBXProject section */

/* Begin PBXResourcesBuildPhase section */
		B779B68D1BCF18EA00242E88 /* Resources */ = {
			isa = PBXResourcesBuildPhase;
			buildActionMask = 2147483647;
			files = (
				B779B6A01BCF18EA00242E88 /* LaunchScreen.storyboard in Resources */,
				B779B69D1BCF18EA00242E88 /* Assets.xcassets in Resources */,
				B779B6981BCF18EA00242E88 /* Main.storyboard in Resources */,
			);
			runOnlyForDeploymentPostprocessing = 0;
		};
		B779B6A41BCF18EA00242E88 /* Resources */ = {
			isa = PBXResourcesBuildPhase;
			buildActionMask = 2147483647;
			files = (
			);
			runOnlyForDeploymentPostprocessing = 0;
		};
		B779B6AF1BCF18EA00242E88 /* Resources */ = {
			isa = PBXResourcesBuildPhase;
			buildActionMask = 2147483647;
			files = (
			);
			runOnlyForDeploymentPostprocessing = 0;
		};
/* End PBXResourcesBuildPhase section */

/* Begin PBXSourcesBuildPhase section */
		B779B68B1BCF18EA00242E88 /* Sources */ = {
			isa = PBXSourcesBuildPhase;
			buildActionMask = 2147483647;
			files = (
				B779B6951BCF18EA00242E88 /* ViewController.swift in Sources */,
				B779B69B1BCF18EA00242E88 /* BlankParseProject.xcdatamodeld in Sources */,
				B779B6931BCF18EA00242E88 /* AppDelegate.swift in Sources */,
			);
			runOnlyForDeploymentPostprocessing = 0;
		};
		B779B6A21BCF18EA00242E88 /* Sources */ = {
			isa = PBXSourcesBuildPhase;
			buildActionMask = 2147483647;
			files = (
				B779B6AB1BCF18EA00242E88 /* BlankParseProjectTests.swift in Sources */,
			);
			runOnlyForDeploymentPostprocessing = 0;
		};
		B779B6AD1BCF18EA00242E88 /* Sources */ = {
			isa = PBXSourcesBuildPhase;
			buildActionMask = 2147483647;
			files = (
				B779B6B61BCF18EA00242E88 /* BlankParseProjectUITests.swift in Sources */,
			);
			runOnlyForDeploymentPostprocessing = 0;
		};
/* End PBXSourcesBuildPhase section */

/* Begin PBXTargetDependency section */
		B779B6A81BCF18EA00242E88 /* PBXTargetDependency */ = {
			isa = PBXTargetDependency;
			target = B779B68E1BCF18EA00242E88 /* BlankParseProject */;
			targetProxy = B779B6A71BCF18EA00242E88 /* PBXContainerItemProxy */;
		};
		B779B6B31BCF18EA00242E88 /* PBXTargetDependency */ = {
			isa = PBXTargetDependency;
			target = B779B68E1BCF18EA00242E88 /* BlankParseProject */;
			targetProxy = B779B6B21BCF18EA00242E88 /* PBXContainerItemProxy */;
		};
/* End PBXTargetDependency section */

/* Begin PBXVariantGroup section */
		B779B6961BCF18EA00242E88 /* Main.storyboard */ = {
			isa = PBXVariantGroup;
			children = (
				B779B6971BCF18EA00242E88 /* Base */,
			);
			name = Main.storyboard;
			sourceTree = "<group>";
		};
		B779B69E1BCF18EA00242E88 /* LaunchScreen.storyboard */ = {
			isa = PBXVariantGroup;
			children = (
				B779B69F1BCF18EA00242E88 /* Base */,
			);
			name = LaunchScreen.storyboard;
			sourceTree = "<group>";
		};
/* End PBXVariantGroup section */

/* Begin XCBuildConfiguration section */
		B779B6B81BCF18EA00242E88 /* Debug */ = {
			isa = XCBuildConfiguration;
			buildSettings = {
				ALWAYS_SEARCH_USER_PATHS = NO;
				CLANG_CXX_LANGUAGE_STANDARD = "gnu++0x";
				CLANG_CXX_LIBRARY = "libc++";
				CLANG_ENABLE_MODULES = YES;
				CLANG_ENABLE_OBJC_ARC = YES;
				CLANG_WARN_BOOL_CONVERSION = YES;
				CLANG_WARN_CONSTANT_CONVERSION = YES;
				CLANG_WARN_DIRECT_OBJC_ISA_USAGE = YES_ERROR;
				CLANG_WARN_EMPTY_BODY = YES;
				CLANG_WARN_ENUM_CONVERSION = YES;
				CLANG_WARN_INT_CONVERSION = YES;
				CLANG_WARN_OBJC_ROOT_CLASS = YES_ERROR;
				CLANG_WARN_UNREACHABLE_CODE = YES;
				CLANG_WARN__DUPLICATE_METHOD_MATCH = YES;
				"CODE_SIGN_IDENTITY[sdk=iphoneos*]" = "iPhone Developer";
				COPY_PHASE_STRIP = NO;
				DEBUG_INFORMATION_FORMAT = dwarf;
				ENABLE_STRICT_OBJC_MSGSEND = YES;
				ENABLE_TESTABILITY = YES;
				GCC_C_LANGUAGE_STANDARD = gnu99;
				GCC_DYNAMIC_NO_PIC = NO;
				GCC_NO_COMMON_BLOCKS = YES;
				GCC_OPTIMIZATION_LEVEL = 0;
				GCC_PREPROCESSOR_DEFINITIONS = (
					"DEBUG=1",
					"$(inherited)",
				);
				GCC_WARN_64_TO_32_BIT_CONVERSION = YES;
				GCC_WARN_ABOUT_RETURN_TYPE = YES_ERROR;
				GCC_WARN_UNDECLARED_SELECTOR = YES;
				GCC_WARN_UNINITIALIZED_AUTOS = YES_AGGRESSIVE;
				GCC_WARN_UNUSED_FUNCTION = YES;
				GCC_WARN_UNUSED_VARIABLE = YES;
				IPHONEOS_DEPLOYMENT_TARGET = 9.0;
				MTL_ENABLE_DEBUG_INFO = YES;
				ONLY_ACTIVE_ARCH = YES;
				SDKROOT = iphoneos;
				SWIFT_OPTIMIZATION_LEVEL = "-Onone";
				TARGETED_DEVICE_FAMILY = "1,2";
			};
			name = Debug;
		};
		B779B6B91BCF18EA00242E88 /* Release */ = {
			isa = XCBuildConfiguration;
			buildSettings = {
				ALWAYS_SEARCH_USER_PATHS = NO;
				CLANG_CXX_LANGUAGE_STANDARD = "gnu++0x";
				CLANG_CXX_LIBRARY = "libc++";
				CLANG_ENABLE_MODULES = YES;
				CLANG_ENABLE_OBJC_ARC = YES;
				CLANG_WARN_BOOL_CONVERSION = YES;
				CLANG_WARN_CONSTANT_CONVERSION = YES;
				CLANG_WARN_DIRECT_OBJC_ISA_USAGE = YES_ERROR;
				CLANG_WARN_EMPTY_BODY = YES;
				CLANG_WARN_ENUM_CONVERSION = YES;
				CLANG_WARN_INT_CONVERSION = YES;
				CLANG_WARN_OBJC_ROOT_CLASS = YES_ERROR;
				CLANG_WARN_UNREACHABLE_CODE = YES;
				CLANG_WARN__DUPLICATE_METHOD_MATCH = YES;
				"CODE_SIGN_IDENTITY[sdk=iphoneos*]" = "iPhone Developer";
				COPY_PHASE_STRIP = NO;
				DEBUG_INFORMATION_FORMAT = "dwarf-with-dsym";
				ENABLE_NS_ASSERTIONS = NO;
				ENABLE_STRICT_OBJC_MSGSEND = YES;
				GCC_C_LANGUAGE_STANDARD = gnu99;
				GCC_NO_COMMON_BLOCKS = YES;
				GCC_WARN_64_TO_32_BIT_CONVERSION = YES;
				GCC_WARN_ABOUT_RETURN_TYPE = YES_ERROR;
				GCC_WARN_UNDECLARED_SELECTOR = YES;
				GCC_WARN_UNINITIALIZED_AUTOS = YES_AGGRESSIVE;
				GCC_WARN_UNUSED_FUNCTION = YES;
				GCC_WARN_UNUSED_VARIABLE = YES;
				IPHONEOS_DEPLOYMENT_TARGET = 9.0;
				MTL_ENABLE_DEBUG_INFO = NO;
				SDKROOT = iphoneos;
				TARGETED_DEVICE_FAMILY = "1,2";
				VALIDATE_PRODUCT = YES;
			};
			name = Release;
		};
		B779B6BB1BCF18EA00242E88 /* Debug */ = {
			isa = XCBuildConfiguration;
			buildSettings = {
				ASSETCATALOG_COMPILER_APPICON_NAME = AppIcon;
				FRAMEWORK_SEARCH_PATHS = (
					"$(inherited)",
					"$(PROJECT_DIR)/BlankParseProject",
				);
				INFOPLIST_FILE = BlankParseProject/Info.plist;
				LD_RUNPATH_SEARCH_PATHS = "$(inherited) @executable_path/Frameworks";
				PRODUCT_BUNDLE_IDENTIFIER = com.iosjjj.BlankParseProject;
				PRODUCT_NAME = "$(TARGET_NAME)";
			};
			name = Debug;
		};
		B779B6BC1BCF18EA00242E88 /* Release */ = {
			isa = XCBuildConfiguration;
			buildSettings = {
				ASSETCATALOG_COMPILER_APPICON_NAME = AppIcon;
				FRAMEWORK_SEARCH_PATHS = (
					"$(inherited)",
					"$(PROJECT_DIR)/BlankParseProject",
				);
				INFOPLIST_FILE = BlankParseProject/Info.plist;
				LD_RUNPATH_SEARCH_PATHS = "$(inherited) @executable_path/Frameworks";
				PRODUCT_BUNDLE_IDENTIFIER = com.iosjjj.BlankParseProject;
				PRODUCT_NAME = "$(TARGET_NAME)";
			};
			name = Release;
		};
		B779B6BE1BCF18EA00242E88 /* Debug */ = {
			isa = XCBuildConfiguration;
			buildSettings = {
				BUNDLE_LOADER = "$(TEST_HOST)";
				FRAMEWORK_SEARCH_PATHS = (
					"$(inherited)",
					"$(PROJECT_DIR)/BlankParseProject",
				);
				INFOPLIST_FILE = BlankParseProjectTests/Info.plist;
				LD_RUNPATH_SEARCH_PATHS = "$(inherited) @executable_path/Frameworks @loader_path/Frameworks";
				PRODUCT_BUNDLE_IDENTIFIER = com.iosjjj.BlankParseProjectTests;
				PRODUCT_NAME = "$(TARGET_NAME)";
				TEST_HOST = "$(BUILT_PRODUCTS_DIR)/BlankParseProject.app/BlankParseProject";
			};
			name = Debug;
		};
		B779B6BF1BCF18EA00242E88 /* Release */ = {
			isa = XCBuildConfiguration;
			buildSettings = {
				BUNDLE_LOADER = "$(TEST_HOST)";
				FRAMEWORK_SEARCH_PATHS = (
					"$(inherited)",
					"$(PROJECT_DIR)/BlankParseProject",
				);
				INFOPLIST_FILE = BlankParseProjectTests/Info.plist;
				LD_RUNPATH_SEARCH_PATHS = "$(inherited) @executable_path/Frameworks @loader_path/Frameworks";
				PRODUCT_BUNDLE_IDENTIFIER = com.iosjjj.BlankParseProjectTests;
				PRODUCT_NAME = "$(TARGET_NAME)";
				TEST_HOST = "$(BUILT_PRODUCTS_DIR)/BlankParseProject.app/BlankParseProject";
			};
			name = Release;
		};
		B779B6C11BCF18EA00242E88 /* Debug */ = {
			isa = XCBuildConfiguration;
			buildSettings = {
				FRAMEWORK_SEARCH_PATHS = (
					"$(inherited)",
					"$(PROJECT_DIR)/BlankParseProject",
				);
				INFOPLIST_FILE = BlankParseProjectUITests/Info.plist;
				LD_RUNPATH_SEARCH_PATHS = "$(inherited) @executable_path/Frameworks @loader_path/Frameworks";
				PRODUCT_BUNDLE_IDENTIFIER = com.iosjjj.BlankParseProjectUITests;
				PRODUCT_NAME = "$(TARGET_NAME)";
				TEST_TARGET_NAME = BlankParseProject;
				USES_XCTRUNNER = YES;
			};
			name = Debug;
		};
		B779B6C21BCF18EA00242E88 /* Release */ = {
			isa = XCBuildConfiguration;
			buildSettings = {
				FRAMEWORK_SEARCH_PATHS = (
					"$(inherited)",
					"$(PROJECT_DIR)/BlankParseProject",
				);
				INFOPLIST_FILE = BlankParseProjectUITests/Info.plist;
				LD_RUNPATH_SEARCH_PATHS = "$(inherited) @executable_path/Frameworks @loader_path/Frameworks";
				PRODUCT_BUNDLE_IDENTIFIER = com.iosjjj.BlankParseProjectUITests;
				PRODUCT_NAME = "$(TARGET_NAME)";
				TEST_TARGET_NAME = BlankParseProject;
				USES_XCTRUNNER = YES;
			};
			name = Release;
		};
/* End XCBuildConfiguration section */

/* Begin XCConfigurationList section */
		B779B68A1BCF18EA00242E88 /* Build configuration list for PBXProject "BlankParseProject" */ = {
			isa = XCConfigurationList;
			buildConfigurations = (
				B779B6B81BCF18EA00242E88 /* Debug */,
				B779B6B91BCF18EA00242E88 /* Release */,
			);
			defaultConfigurationIsVisible = 0;
			defaultConfigurationName = Release;
		};
		B779B6BA1BCF18EA00242E88 /* Build configuration list for PBXNativeTarget "BlankParseProject" */ = {
			isa = XCConfigurationList;
			buildConfigurations = (
				B779B6BB1BCF18EA00242E88 /* Debug */,
				B779B6BC1BCF18EA00242E88 /* Release */,
			);
			defaultConfigurationIsVisible = 0;
			defaultConfigurationName = Release;
		};
		B779B6BD1BCF18EA00242E88 /* Build configuration list for PBXNativeTarget "BlankParseProjectTests" */ = {
			isa = XCConfigurationList;
			buildConfigurations = (
				B779B6BE1BCF18EA00242E88 /* Debug */,
				B779B6BF1BCF18EA00242E88 /* Release */,
			);
			defaultConfigurationIsVisible = 0;
			defaultConfigurationName = Release;
		};
		B779B6C01BCF18EA00242E88 /* Build configuration list for PBXNativeTarget "BlankParseProjectUITests" */ = {
			isa = XCConfigurationList;
			buildConfigurations = (
				B779B6C11BCF18EA00242E88 /* Debug */,
				B779B6C21BCF18EA00242E88 /* Release */,
			);
			defaultConfigurationIsVisible = 0;
			defaultConfigurationName = Release;
		};
/* End XCConfigurationList section */

/* Begin XCVersionGroup section */
		B779B6991BCF18EA00242E88 /* BlankParseProject.xcdatamodeld */ = {
			isa = XCVersionGroup;
			children = (
				B779B69A1BCF18EA00242E88 /* BlankParseProject.xcdatamodel */,
			);
			currentVersion = B779B69A1BCF18EA00242E88 /* BlankParseProject.xcdatamodel */;
			path = BlankParseProject.xcdatamodeld;
			sourceTree = "<group>";
			versionGroupType = wrapper.xcdatamodel;
		};
/* End XCVersionGroup section */
	};
	rootObject = B779B6871BCF18EA00242E88 /* Project object */;
}
